// !$*UTF8*$!
{
	archiveVersion = 1;
	classes = {
	};
	objectVersion = 51;
	objects = {

/* Begin PBXBuildFile section */
		1503F82B232D142400F99AE9 /* AppDelegate.swift in Sources */ = {isa = PBXBuildFile; fileRef = 1503F82A232D142400F99AE9 /* AppDelegate.swift */; };
		1503F82D232D142400F99AE9 /* ViewController1.swift in Sources */ = {isa = PBXBuildFile; fileRef = 1503F82C232D142400F99AE9 /* ViewController1.swift */; };
		1503F830232D142400F99AE9 /* Main.storyboard in Resources */ = {isa = PBXBuildFile; fileRef = 1503F82E232D142400F99AE9 /* Main.storyboard */; };
		1503F83E232D18A100F99AE9 /* FlutterManager.swift in Sources */ = {isa = PBXBuildFile; fileRef = 1503F83D232D18A100F99AE9 /* FlutterManager.swift */; };
		1503F841232D1AAF00F99AE9 /* FlutterInitialRoute.swift in Sources */ = {isa = PBXBuildFile; fileRef = 1503F840232D1AAF00F99AE9 /* FlutterInitialRoute.swift */; };
		1503F846232D1B9100F99AE9 /* ViewController2.swift in Sources */ = {isa = PBXBuildFile; fileRef = 1503F845232D1B9100F99AE9 /* ViewController2.swift */; };
		1503F848232D241E00F99AE9 /* Assets.xcassets in Resources */ = {isa = PBXBuildFile; fileRef = 1503F847232D241E00F99AE9 /* Assets.xcassets */; };
		152CDDB32333C9FE00C5B269 /* FlutterViewController1.swift in Sources */ = {isa = PBXBuildFile; fileRef = 152CDDB22333C9FE00C5B269 /* FlutterViewController1.swift */; };
		152CDDB72333EE7E00C5B269 /* FlutterViewController2.swift in Sources */ = {isa = PBXBuildFile; fileRef = 152CDDB62333EE7E00C5B269 /* FlutterViewController2.swift */; };
		152CDDBB233427E600C5B269 /* MainTabBar.swift in Sources */ = {isa = PBXBuildFile; fileRef = 152CDDBA233427E600C5B269 /* MainTabBar.swift */; };
		15ABD041232ED96100ED5A8D /* ViewController3.swift in Sources */ = {isa = PBXBuildFile; fileRef = 15ABD040232ED96100ED5A8D /* ViewController3.swift */; };
		15B3F8FA2331941900FA0AA1 /* ViewController4.swift in Sources */ = {isa = PBXBuildFile; fileRef = 15B3F8F92331941900FA0AA1 /* ViewController4.swift */; };
		15FB16E6233261B2002942DD /* Helper.swift in Sources */ = {isa = PBXBuildFile; fileRef = 15FB16E5233261B2002942DD /* Helper.swift */; };
		15FD9C7223354ACA0073EF72 /* Router.swift in Sources */ = {isa = PBXBuildFile; fileRef = 15FD9C7123354ACA0073EF72 /* Router.swift */; };
		C5CB3A8C9C93B90B05E6807A /* libPods-iOS_app.a in Frameworks */ = {isa = PBXBuildFile; fileRef = 697963F2129D07720D20F303 /* libPods-iOS_app.a */; };
/* End PBXBuildFile section */

/* Begin PBXFileReference section */
		1503F827232D142400F99AE9 /* iOS_app.app */ = {isa = PBXFileReference; explicitFileType = wrapper.application; includeInIndex = 0; path = iOS_app.app; sourceTree = BUILT_PRODUCTS_DIR; };
		1503F82A232D142400F99AE9 /* AppDelegate.swift */ = {isa = PBXFileReference; lastKnownFileType = sourcecode.swift; path = AppDelegate.swift; sourceTree = "<group>"; };
		1503F82C232D142400F99AE9 /* ViewController1.swift */ = {isa = PBXFileReference; lastKnownFileType = sourcecode.swift; path = ViewController1.swift; sourceTree = "<group>"; };
		1503F82F232D142400F99AE9 /* Base */ = {isa = PBXFileReference; lastKnownFileType = file.storyboard; name = Base; path = Base.lproj/Main.storyboard; sourceTree = "<group>"; };
		1503F836232D142400F99AE9 /* Info.plist */ = {isa = PBXFileReference; lastKnownFileType = text.plist.xml; path = Info.plist; sourceTree = "<group>"; };
		1503F83D232D18A100F99AE9 /* FlutterManager.swift */ = {isa = PBXFileReference; lastKnownFileType = sourcecode.swift; path = FlutterManager.swift; sourceTree = "<group>"; };
		1503F840232D1AAF00F99AE9 /* FlutterInitialRoute.swift */ = {isa = PBXFileReference; lastKnownFileType = sourcecode.swift; path = FlutterInitialRoute.swift; sourceTree = "<group>"; };
		1503F845232D1B9100F99AE9 /* ViewController2.swift */ = {isa = PBXFileReference; lastKnownFileType = sourcecode.swift; path = ViewController2.swift; sourceTree = "<group>"; };
		1503F847232D241E00F99AE9 /* Assets.xcassets */ = {isa = PBXFileReference; lastKnownFileType = folder.assetcatalog; path = Assets.xcassets; sourceTree = "<group>"; };
		152CDDB22333C9FE00C5B269 /* FlutterViewController1.swift */ = {isa = PBXFileReference; lastKnownFileType = sourcecode.swift; path = FlutterViewController1.swift; sourceTree = "<group>"; };
		152CDDB62333EE7E00C5B269 /* FlutterViewController2.swift */ = {isa = PBXFileReference; lastKnownFileType = sourcecode.swift; path = FlutterViewController2.swift; sourceTree = "<group>"; };
		152CDDBA233427E600C5B269 /* MainTabBar.swift */ = {isa = PBXFileReference; lastKnownFileType = sourcecode.swift; path = MainTabBar.swift; sourceTree = "<group>"; };
		15ABD040232ED96100ED5A8D /* ViewController3.swift */ = {isa = PBXFileReference; lastKnownFileType = sourcecode.swift; path = ViewController3.swift; sourceTree = "<group>"; };
		15B3F8F92331941900FA0AA1 /* ViewController4.swift */ = {isa = PBXFileReference; lastKnownFileType = sourcecode.swift; path = ViewController4.swift; sourceTree = "<group>"; };
		15FB16E5233261B2002942DD /* Helper.swift */ = {isa = PBXFileReference; lastKnownFileType = sourcecode.swift; path = Helper.swift; sourceTree = "<group>"; };
		15FD9C7123354ACA0073EF72 /* Router.swift */ = {isa = PBXFileReference; lastKnownFileType = sourcecode.swift; path = Router.swift; sourceTree = "<group>"; };
		697963F2129D07720D20F303 /* libPods-iOS_app.a */ = {isa = PBXFileReference; explicitFileType = archive.ar; includeInIndex = 0; path = "libPods-iOS_app.a"; sourceTree = BUILT_PRODUCTS_DIR; };
		6C38C65AF76BB71FEDF8A5C1 /* Pods-iOS_app.release.xcconfig */ = {isa = PBXFileReference; includeInIndex = 1; lastKnownFileType = text.xcconfig; name = "Pods-iOS_app.release.xcconfig"; path = "Target Support Files/Pods-iOS_app/Pods-iOS_app.release.xcconfig"; sourceTree = "<group>"; };
		98BF241E306A7F264798FEB2 /* Pods-iOS_app.debug.xcconfig */ = {isa = PBXFileReference; includeInIndex = 1; lastKnownFileType = text.xcconfig; name = "Pods-iOS_app.debug.xcconfig"; path = "Target Support Files/Pods-iOS_app/Pods-iOS_app.debug.xcconfig"; sourceTree = "<group>"; };
/* End PBXFileReference section */

/* Begin PBXFrameworksBuildPhase section */
		1503F824232D142400F99AE9 /* Frameworks */ = {
			isa = PBXFrameworksBuildPhase;
			buildActionMask = 2147483647;
			files = (
				C5CB3A8C9C93B90B05E6807A /* libPods-iOS_app.a in Frameworks */,
			);
			runOnlyForDeploymentPostprocessing = 0;
		};
/* End PBXFrameworksBuildPhase section */

/* Begin PBXGroup section */
		1503F81E232D142400F99AE9 = {
			isa = PBXGroup;
			children = (
				1503F829232D142400F99AE9 /* iOS_app */,
				1503F828232D142400F99AE9 /* Products */,
				DB2D7428CE42C7ABBD1A0B92 /* Pods */,
				AD19072E74CE517E8476A98E /* Frameworks */,
			);
			sourceTree = "<group>";
		};
		1503F828232D142400F99AE9 /* Products */ = {
			isa = PBXGroup;
			children = (
				1503F827232D142400F99AE9 /* iOS_app.app */,
			);
			name = Products;
			sourceTree = "<group>";
		};
		1503F829232D142400F99AE9 /* iOS_app */ = {
			isa = PBXGroup;
			children = (
				15FB16E423326193002942DD /* Helpers */,
				1503F844232D1B4700F99AE9 /* Support */,
				1503F843232D1B3300F99AE9 /* Views */,
				1503F842232D1AD600F99AE9 /* ViewControllers */,
				1503F83F232D1A8D00F99AE9 /* Flutter */,
				1503F82A232D142400F99AE9 /* AppDelegate.swift */,
				1503F836232D142400F99AE9 /* Info.plist */,
			);
			path = iOS_app;
			sourceTree = "<group>";
		};
		1503F83F232D1A8D00F99AE9 /* Flutter */ = {
			isa = PBXGroup;
			children = (
				152CDDB22333C9FE00C5B269 /* FlutterViewController1.swift */,
				152CDDB62333EE7E00C5B269 /* FlutterViewController2.swift */,
				1503F83D232D18A100F99AE9 /* FlutterManager.swift */,
				1503F840232D1AAF00F99AE9 /* FlutterInitialRoute.swift */,
			);
			path = Flutter;
			sourceTree = "<group>";
		};
		1503F842232D1AD600F99AE9 /* ViewControllers */ = {
			isa = PBXGroup;
			children = (
				1503F82C232D142400F99AE9 /* ViewController1.swift */,
				1503F845232D1B9100F99AE9 /* ViewController2.swift */,
				15ABD040232ED96100ED5A8D /* ViewController3.swift */,
				15B3F8F92331941900FA0AA1 /* ViewController4.swift */,
				152CDDBA233427E600C5B269 /* MainTabBar.swift */,
			);
			path = ViewControllers;
			sourceTree = "<group>";
		};
		1503F843232D1B3300F99AE9 /* Views */ = {
			isa = PBXGroup;
			children = (
				1503F82E232D142400F99AE9 /* Main.storyboard */,
			);
			path = Views;
			sourceTree = "<group>";
		};
		1503F844232D1B4700F99AE9 /* Support */ = {
			isa = PBXGroup;
			children = (
				1503F847232D241E00F99AE9 /* Assets.xcassets */,
			);
			path = Support;
			sourceTree = "<group>";
		};
		15FB16E423326193002942DD /* Helpers */ = {
			isa = PBXGroup;
			children = (
				15FB16E5233261B2002942DD /* Helper.swift */,
				15FD9C7123354ACA0073EF72 /* Router.swift */,
			);
			path = Helpers;
			sourceTree = "<group>";
		};
		AD19072E74CE517E8476A98E /* Frameworks */ = {
			isa = PBXGroup;
			children = (
				697963F2129D07720D20F303 /* libPods-iOS_app.a */,
			);
			name = Frameworks;
			sourceTree = "<group>";
		};
		DB2D7428CE42C7ABBD1A0B92 /* Pods */ = {
			isa = PBXGroup;
			children = (
				98BF241E306A7F264798FEB2 /* Pods-iOS_app.debug.xcconfig */,
				6C38C65AF76BB71FEDF8A5C1 /* Pods-iOS_app.release.xcconfig */,
			);
			path = Pods;
			sourceTree = "<group>";
		};
/* End PBXGroup section */

/* Begin PBXNativeTarget section */
		1503F826232D142400F99AE9 /* iOS_app */ = {
			isa = PBXNativeTarget;
			buildConfigurationList = 1503F839232D142400F99AE9 /* Build configuration list for PBXNativeTarget "iOS_app" */;
			buildPhases = (
				9B3C6A76595998DB7299D4DB /* [CP] Check Pods Manifest.lock */,
				0E2ABB80EF3DFA5E7A09B70A /* [CP-User] Run Flutter Build Script */,
				1503F823232D142400F99AE9 /* Sources */,
				1503F824232D142400F99AE9 /* Frameworks */,
				1503F825232D142400F99AE9 /* Resources */,
				BAEEC7D9F04A5C956FC8CC4D /* [CP] Embed Pods Frameworks */,
			);
			buildRules = (
			);
			dependencies = (
			);
			name = iOS_app;
			productName = iOS_app;
			productReference = 1503F827232D142400F99AE9 /* iOS_app.app */;
			productType = "com.apple.product-type.application";
		};
/* End PBXNativeTarget section */

/* Begin PBXProject section */
		1503F81F232D142400F99AE9 /* Project object */ = {
			isa = PBXProject;
			attributes = {
				LastSwiftUpdateCheck = 1020;
				LastUpgradeCheck = 1020;
				ORGANIZATIONNAME = BMilliet;
				TargetAttributes = {
					1503F826232D142400F99AE9 = {
						CreatedOnToolsVersion = 10.2.1;
					};
				};
			};
			buildConfigurationList = 1503F822232D142400F99AE9 /* Build configuration list for PBXProject "iOS_app" */;
			compatibilityVersion = "Xcode 9.3";
			developmentRegion = en;
			hasScannedForEncodings = 0;
			knownRegions = (
				en,
				Base,
			);
			mainGroup = 1503F81E232D142400F99AE9;
			productRefGroup = 1503F828232D142400F99AE9 /* Products */;
			projectDirPath = "";
			projectRoot = "";
			targets = (
				1503F826232D142400F99AE9 /* iOS_app */,
			);
		};
/* End PBXProject section */

/* Begin PBXResourcesBuildPhase section */
		1503F825232D142400F99AE9 /* Resources */ = {
			isa = PBXResourcesBuildPhase;
			buildActionMask = 2147483647;
			files = (
				1503F848232D241E00F99AE9 /* Assets.xcassets in Resources */,
				1503F830232D142400F99AE9 /* Main.storyboard in Resources */,
			);
			runOnlyForDeploymentPostprocessing = 0;
		};
/* End PBXResourcesBuildPhase section */

/* Begin PBXShellScriptBuildPhase section */
		0E2ABB80EF3DFA5E7A09B70A /* [CP-User] Run Flutter Build Script */ = {
			isa = PBXShellScriptBuildPhase;
			buildActionMask = 2147483647;
			files = (
			);
			inputPaths = (
				"${SRCROOT}/../flutter_app/.metadata",
				"${SRCROOT}/../flutter_app/.ios/Flutter/App.framework/App",
				"${SRCROOT}/../flutter_app/.ios/Flutter/engine/Flutter.framework/Flutter",
				"${SRCROOT}/../flutter_app/.ios/Flutter/flutter_export_environment.sh",
			);
			name = "[CP-User] Run Flutter Build Script";
			runOnlyForDeploymentPostprocessing = 0;
			shellPath = /bin/sh;
			shellScript = "set -e\nset -u\nsource \"${SRCROOT}/../flutter_app/.ios/Flutter/flutter_export_environment.sh\"\n\"$FLUTTER_ROOT\"/packages/flutter_tools/bin/xcode_backend.sh build";
		};
		9B3C6A76595998DB7299D4DB /* [CP] Check Pods Manifest.lock */ = {
			isa = PBXShellScriptBuildPhase;
			buildActionMask = 2147483647;
			files = (
			);
			inputFileListPaths = (
			);
			inputPaths = (
				"${PODS_PODFILE_DIR_PATH}/Podfile.lock",
				"${PODS_ROOT}/Manifest.lock",
			);
			name = "[CP] Check Pods Manifest.lock";
			outputFileListPaths = (
			);
			outputPaths = (
				"$(DERIVED_FILE_DIR)/Pods-iOS_app-checkManifestLockResult.txt",
			);
			runOnlyForDeploymentPostprocessing = 0;
			shellPath = /bin/sh;
			shellScript = "diff \"${PODS_PODFILE_DIR_PATH}/Podfile.lock\" \"${PODS_ROOT}/Manifest.lock\" > /dev/null\nif [ $? != 0 ] ; then\n    # print error to STDERR\n    echo \"error: The sandbox is not in sync with the Podfile.lock. Run 'pod install' or update your CocoaPods installation.\" >&2\n    exit 1\nfi\n# This output is used by Xcode 'outputs' to avoid re-running this script phase.\necho \"SUCCESS\" > \"${SCRIPT_OUTPUT_FILE_0}\"\n";
			showEnvVarsInLog = 0;
		};
		BAEEC7D9F04A5C956FC8CC4D /* [CP] Embed Pods Frameworks */ = {
			isa = PBXShellScriptBuildPhase;
			buildActionMask = 2147483647;
			files = (
			);
			inputFileListPaths = (
				"${PODS_ROOT}/Target Support Files/Pods-iOS_app/Pods-iOS_app-frameworks-${CONFIGURATION}-input-files.xcfilelist",
			);
			name = "[CP] Embed Pods Frameworks";
			outputFileListPaths = (
				"${PODS_ROOT}/Target Support Files/Pods-iOS_app/Pods-iOS_app-frameworks-${CONFIGURATION}-output-files.xcfilelist",
			);
			runOnlyForDeploymentPostprocessing = 0;
			shellPath = /bin/sh;
			shellScript = "\"${PODS_ROOT}/Target Support Files/Pods-iOS_app/Pods-iOS_app-frameworks.sh\"\n";
			showEnvVarsInLog = 0;
		};
/* End PBXShellScriptBuildPhase section */

/* Begin PBXSourcesBuildPhase section */
		1503F823232D142400F99AE9 /* Sources */ = {
			isa = PBXSourcesBuildPhase;
			buildActionMask = 2147483647;
			files = (
				1503F846232D1B9100F99AE9 /* ViewController2.swift in Sources */,
				152CDDB72333EE7E00C5B269 /* FlutterViewController2.swift in Sources */,
				1503F82D232D142400F99AE9 /* ViewController1.swift in Sources */,
				15B3F8FA2331941900FA0AA1 /* ViewController4.swift in Sources */,
				15FD9C7223354ACA0073EF72 /* Router.swift in Sources */,
				152CDDBB233427E600C5B269 /* MainTabBar.swift in Sources */,
				152CDDB32333C9FE00C5B269 /* FlutterViewController1.swift in Sources */,
				15ABD041232ED96100ED5A8D /* ViewController3.swift in Sources */,
				15FB16E6233261B2002942DD /* Helper.swift in Sources */,
				1503F83E232D18A100F99AE9 /* FlutterManager.swift in Sources */,
				1503F82B232D142400F99AE9 /* AppDelegate.swift in Sources */,
				1503F841232D1AAF00F99AE9 /* FlutterInitialRoute.swift in Sources */,
			);
			runOnlyForDeploymentPostprocessing = 0;
		};
/* End PBXSourcesBuildPhase section */

/* Begin PBXVariantGroup section */
		1503F82E232D142400F99AE9 /* Main.storyboard */ = {
			isa = PBXVariantGroup;
			children = (
				1503F82F232D142400F99AE9 /* Base */,
			);
			name = Main.storyboard;
			sourceTree = "<group>";
		};
/* End PBXVariantGroup section */

/* Begin XCBuildConfiguration section */
		1503F837232D142400F99AE9 /* Debug */ = {
			isa = XCBuildConfiguration;
			buildSettings = {
				ALWAYS_SEARCH_USER_PATHS = NO;
				CLANG_ANALYZER_NONNULL = YES;
				CLANG_ANALYZER_NUMBER_OBJECT_CONVERSION = YES_AGGRESSIVE;
				CLANG_CXX_LANGUAGE_STANDARD = "gnu++14";
				CLANG_CXX_LIBRARY = "libc++";
				CLANG_ENABLE_MODULES = YES;
				CLANG_ENABLE_OBJC_ARC = YES;
				CLANG_ENABLE_OBJC_WEAK = YES;
				CLANG_WARN_BLOCK_CAPTURE_AUTORELEASING = YES;
				CLANG_WARN_BOOL_CONVERSION = YES;
				CLANG_WARN_COMMA = YES;
				CLANG_WARN_CONSTANT_CONVERSION = YES;
				CLANG_WARN_DEPRECATED_OBJC_IMPLEMENTATIONS = YES;
				CLANG_WARN_DIRECT_OBJC_ISA_USAGE = YES_ERROR;
				CLANG_WARN_DOCUMENTATION_COMMENTS = YES;
				CLANG_WARN_EMPTY_BODY = YES;
				CLANG_WARN_ENUM_CONVERSION = YES;
				CLANG_WARN_INFINITE_RECURSION = YES;
				CLANG_WARN_INT_CONVERSION = YES;
				CLANG_WARN_NON_LITERAL_NULL_CONVERSION = YES;
				CLANG_WARN_OBJC_IMPLICIT_RETAIN_SELF = YES;
				CLANG_WARN_OBJC_LITERAL_CONVERSION = YES;
				CLANG_WARN_OBJC_ROOT_CLASS = YES_ERROR;
				CLANG_WARN_RANGE_LOOP_ANALYSIS = YES;
				CLANG_WARN_STRICT_PROTOTYPES = YES;
				CLANG_WARN_SUSPICIOUS_MOVE = YES;
				CLANG_WARN_UNGUARDED_AVAILABILITY = YES_AGGRESSIVE;
				CLANG_WARN_UNREACHABLE_CODE = YES;
				CLANG_WARN__DUPLICATE_METHOD_MATCH = YES;
				CODE_SIGN_IDENTITY = "iPhone Developer";
				COPY_PHASE_STRIP = NO;
				DEBUG_INFORMATION_FORMAT = dwarf;
				ENABLE_STRICT_OBJC_MSGSEND = YES;
				ENABLE_TESTABILITY = YES;
				GCC_C_LANGUAGE_STANDARD = gnu11;
				GCC_DYNAMIC_NO_PIC = NO;
				GCC_NO_COMMON_BLOCKS = YES;
				GCC_OPTIMIZATION_LEVEL = 0;
				GCC_PREPROCESSOR_DEFINITIONS = (
					"DEBUG=1",
					"$(inherited)",
				);
				GCC_WARN_64_TO_32_BIT_CONVERSION = YES;
				GCC_WARN_ABOUT_RETURN_TYPE = YES_ERROR;
				GCC_WARN_UNDECLARED_SELECTOR = YES;
				GCC_WARN_UNINITIALIZED_AUTOS = YES_AGGRESSIVE;
				GCC_WARN_UNUSED_FUNCTION = YES;
				GCC_WARN_UNUSED_VARIABLE = YES;
				IPHONEOS_DEPLOYMENT_TARGET = 12.2;
				MTL_ENABLE_DEBUG_INFO = INCLUDE_SOURCE;
				MTL_FAST_MATH = YES;
				ONLY_ACTIVE_ARCH = YES;
				SDKROOT = iphoneos;
				SWIFT_ACTIVE_COMPILATION_CONDITIONS = DEBUG;
				SWIFT_OPTIMIZATION_LEVEL = "-Onone";
			};
			name = Debug;
		};
		1503F838232D142400F99AE9 /* Release */ = {
			isa = XCBuildConfiguration;
			buildSettings = {
				ALWAYS_SEARCH_USER_PATHS = NO;
				CLANG_ANALYZER_NONNULL = YES;
				CLANG_ANALYZER_NUMBER_OBJECT_CONVERSION = YES_AGGRESSIVE;
				CLANG_CXX_LANGUAGE_STANDARD = "gnu++14";
				CLANG_CXX_LIBRARY = "libc++";
				CLANG_ENABLE_MODULES = YES;
				CLANG_ENABLE_OBJC_ARC = YES;
				CLANG_ENABLE_OBJC_WEAK = YES;
				CLANG_WARN_BLOCK_CAPTURE_AUTORELEASING = YES;
				CLANG_WARN_BOOL_CONVERSION = YES;
				CLANG_WARN_COMMA = YES;
				CLANG_WARN_CONSTANT_CONVERSION = YES;
				CLANG_WARN_DEPRECATED_OBJC_IMPLEMENTATIONS = YES;
				CLANG_WARN_DIRECT_OBJC_ISA_USAGE = YES_ERROR;
				CLANG_WARN_DOCUMENTATION_COMMENTS = YES;
				CLANG_WARN_EMPTY_BODY = YES;
				CLANG_WARN_ENUM_CONVERSION = YES;
				CLANG_WARN_INFINITE_RECURSION = YES;
				CLANG_WARN_INT_CONVERSION = YES;
				CLANG_WARN_NON_LITERAL_NULL_CONVERSION = YES;
				CLANG_WARN_OBJC_IMPLICIT_RETAIN_SELF = YES;
				CLANG_WARN_OBJC_LITERAL_CONVERSION = YES;
				CLANG_WARN_OBJC_ROOT_CLASS = YES_ERROR;
				CLANG_WARN_RANGE_LOOP_ANALYSIS = YES;
				CLANG_WARN_STRICT_PROTOTYPES = YES;
				CLANG_WARN_SUSPICIOUS_MOVE = YES;
				CLANG_WARN_UNGUARDED_AVAILABILITY = YES_AGGRESSIVE;
				CLANG_WARN_UNREACHABLE_CODE = YES;
				CLANG_WARN__DUPLICATE_METHOD_MATCH = YES;
				CODE_SIGN_IDENTITY = "iPhone Developer";
				COPY_PHASE_STRIP = NO;
				DEBUG_INFORMATION_FORMAT = "dwarf-with-dsym";
				ENABLE_NS_ASSERTIONS = NO;
				ENABLE_STRICT_OBJC_MSGSEND = YES;
				GCC_C_LANGUAGE_STANDARD = gnu11;
				GCC_NO_COMMON_BLOCKS = YES;
				GCC_WARN_64_TO_32_BIT_CONVERSION = YES;
				GCC_WARN_ABOUT_RETURN_TYPE = YES_ERROR;
				GCC_WARN_UNDECLARED_SELECTOR = YES;
				GCC_WARN_UNINITIALIZED_AUTOS = YES_AGGRESSIVE;
				GCC_WARN_UNUSED_FUNCTION = YES;
				GCC_WARN_UNUSED_VARIABLE = YES;
				IPHONEOS_DEPLOYMENT_TARGET = 12.2;
				MTL_ENABLE_DEBUG_INFO = NO;
				MTL_FAST_MATH = YES;
				SDKROOT = iphoneos;
				SWIFT_COMPILATION_MODE = wholemodule;
				SWIFT_OPTIMIZATION_LEVEL = "-O";
				VALIDATE_PRODUCT = YES;
			};
			name = Release;
		};
		1503F83A232D142400F99AE9 /* Debug */ = {
			isa = XCBuildConfiguration;
			baseConfigurationReference = 98BF241E306A7F264798FEB2 /* Pods-iOS_app.debug.xcconfig */;
			buildSettings = {
				ASSETCATALOG_COMPILER_APPICON_NAME = AppIcon;
				CODE_SIGN_STYLE = Automatic;
				DEVELOPMENT_TEAM = L8A5CGJRMF;
				ENABLE_BITCODE = YES;
				INFOPLIST_FILE = iOS_app/Info.plist;
				LD_RUNPATH_SEARCH_PATHS = (
					"$(inherited)",
					"@executable_path/Frameworks",
				);
				PRODUCT_BUNDLE_IDENTIFIER = "BMilliet.iOS-app";
				PRODUCT_NAME = "$(TARGET_NAME)";
				SWIFT_VERSION = 5.0;
				TARGETED_DEVICE_FAMILY = "1,2";
			};
			name = Debug;
		};
		1503F83B232D142400F99AE9 /* Release */ = {
			isa = XCBuildConfiguration;
			baseConfigurationReference = 6C38C65AF76BB71FEDF8A5C1 /* Pods-iOS_app.release.xcconfig */;
			buildSettings = {
				ASSETCATALOG_COMPILER_APPICON_NAME = AppIcon;
				CODE_SIGN_STYLE = Automatic;
				DEVELOPMENT_TEAM = L8A5CGJRMF;
				ENABLE_BITCODE = YES;
				INFOPLIST_FILE = iOS_app/Info.plist;
				LD_RUNPATH_SEARCH_PATHS = (
					"$(inherited)",
					"@executable_path/Frameworks",
				);
				PRODUCT_BUNDLE_IDENTIFIER = "BMilliet.iOS-app";
				PRODUCT_NAME = "$(TARGET_NAME)";
				SWIFT_VERSION = 5.0;
				TARGETED_DEVICE_FAMILY = "1,2";
			};
			name = Release;
		};
/* End XCBuildConfiguration section */

/* Begin XCConfigurationList section */
		1503F822232D142400F99AE9 /* Build configuration list for PBXProject "iOS_app" */ = {
			isa = XCConfigurationList;
			buildConfigurations = (
				1503F837232D142400F99AE9 /* Debug */,
				1503F838232D142400F99AE9 /* Release */,
			);
			defaultConfigurationIsVisible = 0;
			defaultConfigurationName = Release;
		};
		1503F839232D142400F99AE9 /* Build configuration list for PBXNativeTarget "iOS_app" */ = {
			isa = XCConfigurationList;
			buildConfigurations = (
				1503F83A232D142400F99AE9 /* Debug */,
				1503F83B232D142400F99AE9 /* Release */,
			);
			defaultConfigurationIsVisible = 0;
			defaultConfigurationName = Release;
		};
/* End XCConfigurationList section */
	};
	rootObject = 1503F81F232D142400F99AE9 /* Project object */;
}
