PODS:
  - Flutter (1.0.0)
  - FlutterPluginRegistrant (0.0.1):
    - Flutter
    - image_picker
    - webview_flutter
  - image_picker (0.0.1):
    - Flutter
  - webview_flutter (0.0.1):
    - Flutter

DEPENDENCIES:
  - Flutter (from `../flutter_app/.ios/Flutter/engine`)
  - FlutterPluginRegistrant (from `../flutter_app/.ios/Flutter/FlutterPluginRegistrant`)
  - image_picker (from `../flutter_app/.ios/Flutter/.symlinks/image_picker/ios`)
  - webview_flutter (from `../flutter_app/.ios/Flutter/.symlinks/webview_flutter/ios`)

EXTERNAL SOURCES:
  Flutter:
    :path: "../flutter_app/.ios/Flutter/engine"
  FlutterPluginRegistrant:
    :path: "../flutter_app/.ios/Flutter/FlutterPluginRegistrant"
  image_picker:
    :path: "../flutter_app/.ios/Flutter/.symlinks/image_picker/ios"
  webview_flutter:
    :path: "../flutter_app/.ios/Flutter/.symlinks/webview_flutter/ios"

SPEC CHECKSUMS:
  Flutter: 58dd7d1b27887414a370fcccb9e645c08ffd7a6a
  FlutterPluginRegistrant: 51bc6b89866c27a35c39ecc01b2054831e074cf6
  image_picker: 16e5fec1fbc87fd3b297c53e4048521eaf17cd06
  webview_flutter: 1aa7604e6cdb451a9b7ed2c37d5454c0b440246b

PODFILE CHECKSUM: f46ae772714c1b5bcd4fb871b8967c95b09261d6

COCOAPODS: 1.7.5
